
Microsoft Visual Studio Solution File, Format Version 12.00
# Visual Studio 15
VisualStudioVersion = 15.0.28307.168
MinimumVisualStudioVersion = 10.0.40219.1
Project("{FAE04EC0-301F-11D3-BF4B-00C04F79EFBC}") = "EncephalanCs", "EncephalanCs\EncephalanCs.csproj", "{308EF849-889E-46A5-B12C-B3C72BD1CF16}"
EndProject
Project("{FAE04EC0-301F-11D3-BF4B-00C04F79EFBC}") = "NeuroFeedback", "NeuroFeedback\NeuroFeedback.csproj", "{FB248BDA-04BB-43E3-B715-CBB4FAA05854}"
EndProject
Global
	GlobalSection(SolutionConfigurationPlatforms) = preSolution
		Debug|Any CPU = Debug|Any CPU
		Release|Any CPU = Release|Any CPU
	EndGlobalSection
	GlobalSection(ProjectConfigurationPlatforms) = postSolution
		{308EF849-889E-46A5-B12C-B3C72BD1CF16}.Debug|Any CPU.ActiveCfg = Debug|Any CPU
		{308EF849-889E-46A5-B12C-B3C72BD1CF16}.Debug|Any CPU.Build.0 = Debug|Any CPU
		{308EF849-889E-46A5-B12C-B3C72BD1CF16}.Release|Any CPU.ActiveCfg = Release|Any CPU
		{308EF849-889E-46A5-B12C-B3C72BD1CF16}.Release|Any CPU.Build.0 = Release|Any CPU
		{FB248BDA-04BB-43E3-B715-CBB4FAA05854}.Debug|Any CPU.ActiveCfg = Debug|Any CPU
		{FB248BDA-04BB-43E3-B715-CBB4FAA05854}.Debug|Any CPU.Build.0 = Debug|Any CPU
		{FB248BDA-04BB-43E3-B715-CBB4FAA05854}.Release|Any CPU.ActiveCfg = Release|Any CPU
		{FB248BDA-04BB-43E3-B715-CBB4FAA05854}.Release|Any CPU.Build.0 = Release|Any CPU
	EndGlobalSection
	GlobalSection(SolutionProperties) = preSolution
		HideSolutionNode = FALSE
	EndGlobalSection
	GlobalSection(ExtensibilityGlobals) = postSolution
		SolutionGuid = {3C1DC84B-79D6-49ED-9FC8-DBF06366078F}
	EndGlobalSection
EndGlobal
